
Microsoft Visual Studio Solution File, Format Version 12.00
# Visual Studio Version 17
VisualStudioVersion = 17.4.33205.214
MinimumVisualStudioVersion = 10.0.40219.1
Project("{9A19103F-16F7-4668-BE54-9A1E7A4F7556}") = "Inventory.Module", "Inventory.Module\Inventory.Module.csproj", "{59847330-6E2E-4BDD-A1F1-E713DB2872DD}"
EndProject
Project("{9A19103F-16F7-4668-BE54-9A1E7A4F7556}") = "Inventory.Blazor.Server", "Inventory.Blazor.Server\Inventory.Blazor.Server.csproj", "{D9E9EF96-45DB-425D-9E82-788174B51D4D}"
EndProject
Global
	GlobalSection(SolutionConfigurationPlatforms) = preSolution
		Debug|Any CPU = Debug|Any CPU
		EasyTest|Any CPU = EasyTest|Any CPU
		Release|Any CPU = Release|Any CPU
	EndGlobalSection
	GlobalSection(ProjectConfigurationPlatforms) = postSolution
		{59847330-6E2E-4BDD-A1F1-E713DB2872DD}.Debug|Any CPU.ActiveCfg = Debug|Any CPU
		{59847330-6E2E-4BDD-A1F1-E713DB2872DD}.Debug|Any CPU.Build.0 = Debug|Any CPU
		{59847330-6E2E-4BDD-A1F1-E713DB2872DD}.EasyTest|Any CPU.ActiveCfg = EasyTest|Any CPU
		{59847330-6E2E-4BDD-A1F1-E713DB2872DD}.EasyTest|Any CPU.Build.0 = EasyTest|Any CPU
		{59847330-6E2E-4BDD-A1F1-E713DB2872DD}.Release|Any CPU.ActiveCfg = Release|Any CPU
		{59847330-6E2E-4BDD-A1F1-E713DB2872DD}.Release|Any CPU.Build.0 = Release|Any CPU
		{D9E9EF96-45DB-425D-9E82-788174B51D4D}.Debug|Any CPU.ActiveCfg = Debug|Any CPU
		{D9E9EF96-45DB-425D-9E82-788174B51D4D}.Debug|Any CPU.Build.0 = Debug|Any CPU
		{D9E9EF96-45DB-425D-9E82-788174B51D4D}.EasyTest|Any CPU.ActiveCfg = EasyTest|Any CPU
		{D9E9EF96-45DB-425D-9E82-788174B51D4D}.EasyTest|Any CPU.Build.0 = EasyTest|Any CPU
		{D9E9EF96-45DB-425D-9E82-788174B51D4D}.Release|Any CPU.ActiveCfg = Release|Any CPU
		{D9E9EF96-45DB-425D-9E82-788174B51D4D}.Release|Any CPU.Build.0 = Release|Any CPU
	EndGlobalSection
	GlobalSection(SolutionProperties) = preSolution
		HideSolutionNode = FALSE
	EndGlobalSection
	GlobalSection(ExtensibilityGlobals) = postSolution
		SolutionGuid = {B42ABA7E-0EDE-4BE0-9ED8-8233D770869C}
	EndGlobalSection
EndGlobal
